
Microsoft Visual Studio Solution File, Format Version 12.00
# Visual Studio Version 17
VisualStudioVersion = 17.7.34202.233
MinimumVisualStudioVersion = 10.0.40219.1
Project("{FAE04EC0-301F-11D3-BF4B-00C04F79EFBC}") = "Eyeglasses_NguyenThienCaoDuy", "Eyeglasses_NguyenThienCaoDuy\Eyeglasses_NguyenThienCaoDuy.csproj", "{8BA716A2-3A3C-44D0-B8CF-CF7F8A2459B6}"
EndProject
Project("{FAE04EC0-301F-11D3-BF4B-00C04F79EFBC}") = "BusinessObject", "BusinessObject\BusinessObject.csproj", "{EF5AA318-119C-49F5-8AD0-5DC285CE1CCC}"
EndProject
Project("{FAE04EC0-301F-11D3-BF4B-00C04F79EFBC}") = "DAO", "DAO\DAO.csproj", "{330EB63B-1722-41DB-8468-410FECA9DBF6}"
EndProject
Project("{FAE04EC0-301F-11D3-BF4B-00C04F79EFBC}") = "Repo", "Repo\Repo.csproj", "{BC4FBAA9-02CD-4853-B6B0-0E166C980DA7}"
EndProject
Global
	GlobalSection(SolutionConfigurationPlatforms) = preSolution
		Debug|Any CPU = Debug|Any CPU
		Release|Any CPU = Release|Any CPU
	EndGlobalSection
	GlobalSection(ProjectConfigurationPlatforms) = postSolution
		{8BA716A2-3A3C-44D0-B8CF-CF7F8A2459B6}.Debug|Any CPU.ActiveCfg = Debug|Any CPU
		{8BA716A2-3A3C-44D0-B8CF-CF7F8A2459B6}.Debug|Any CPU.Build.0 = Debug|Any CPU
		{8BA716A2-3A3C-44D0-B8CF-CF7F8A2459B6}.Release|Any CPU.ActiveCfg = Release|Any CPU
		{8BA716A2-3A3C-44D0-B8CF-CF7F8A2459B6}.Release|Any CPU.Build.0 = Release|Any CPU
		{EF5AA318-119C-49F5-8AD0-5DC285CE1CCC}.Debug|Any CPU.ActiveCfg = Debug|Any CPU
		{EF5AA318-119C-49F5-8AD0-5DC285CE1CCC}.Debug|Any CPU.Build.0 = Debug|Any CPU
		{EF5AA318-119C-49F5-8AD0-5DC285CE1CCC}.Release|Any CPU.ActiveCfg = Release|Any CPU
		{EF5AA318-119C-49F5-8AD0-5DC285CE1CCC}.Release|Any CPU.Build.0 = Release|Any CPU
		{330EB63B-1722-41DB-8468-410FECA9DBF6}.Debug|Any CPU.ActiveCfg = Debug|Any CPU
		{330EB63B-1722-41DB-8468-410FECA9DBF6}.Debug|Any CPU.Build.0 = Debug|Any CPU
		{330EB63B-1722-41DB-8468-410FECA9DBF6}.Release|Any CPU.ActiveCfg = Release|Any CPU
		{330EB63B-1722-41DB-8468-410FECA9DBF6}.Release|Any CPU.Build.0 = Release|Any CPU
		{BC4FBAA9-02CD-4853-B6B0-0E166C980DA7}.Debug|Any CPU.ActiveCfg = Debug|Any CPU
		{BC4FBAA9-02CD-4853-B6B0-0E166C980DA7}.Debug|Any CPU.Build.0 = Debug|Any CPU
		{BC4FBAA9-02CD-4853-B6B0-0E166C980DA7}.Release|Any CPU.ActiveCfg = Release|Any CPU
		{BC4FBAA9-02CD-4853-B6B0-0E166C980DA7}.Release|Any CPU.Build.0 = Release|Any CPU
	EndGlobalSection
	GlobalSection(SolutionProperties) = preSolution
		HideSolutionNode = FALSE
	EndGlobalSection
	GlobalSection(ExtensibilityGlobals) = postSolution
		SolutionGuid = {96087096-7F5C-44C3-A9CA-94351C5AA2F1}
	EndGlobalSection
EndGlobal
